
Microsoft Visual Studio Solution File, Format Version 12.00
# Visual Studio Version 17
VisualStudioVersion = 17.14.36408.4
MinimumVisualStudioVersion = 10.0.40219.1
Project("{FAE04EC0-301F-11D3-BF4B-00C04F79EFBC}") = "DockerNet.Repository", "DockerNet\DockerNet.Repository.csproj", "{62BDA2B5-3170-410F-B50F-49ACA113EE09}"
EndProject
Project("{FAE04EC0-301F-11D3-BF4B-00C04F79EFBC}") = "DockerNet.Api", "DockerNet.Api\DockerNet.Api.csproj", "{D6E19D34-DAC1-4C74-850D-644EE3270A28}"
EndProject
Project("{FAE04EC0-301F-11D3-BF4B-00C04F79EFBC}") = "DockerNet.Domain", "DockerNet.Domain\DockerNet.Domain.csproj", "{B2C6A5F2-0479-4B1E-B0FE-322144701864}"
EndProject
Project("{FAE04EC0-301F-11D3-BF4B-00C04F79EFBC}") = "DockerNet.Tests", "DockerNet.Tests\DockerNet.Tests.csproj", "{2C260EBC-8256-464C-8917-75784A3F9099}"
EndProject
Global
	GlobalSection(SolutionConfigurationPlatforms) = preSolution
		Debug|Any CPU = Debug|Any CPU
		Release|Any CPU = Release|Any CPU
	EndGlobalSection
	GlobalSection(ProjectConfigurationPlatforms) = postSolution
		{62BDA2B5-3170-410F-B50F-49ACA113EE09}.Debug|Any CPU.ActiveCfg = Debug|Any CPU
		{62BDA2B5-3170-410F-B50F-49ACA113EE09}.Debug|Any CPU.Build.0 = Debug|Any CPU
		{62BDA2B5-3170-410F-B50F-49ACA113EE09}.Release|Any CPU.ActiveCfg = Release|Any CPU
		{62BDA2B5-3170-410F-B50F-49ACA113EE09}.Release|Any CPU.Build.0 = Release|Any CPU
		{D6E19D34-DAC1-4C74-850D-644EE3270A28}.Debug|Any CPU.ActiveCfg = Debug|Any CPU
		{D6E19D34-DAC1-4C74-850D-644EE3270A28}.Debug|Any CPU.Build.0 = Debug|Any CPU
		{D6E19D34-DAC1-4C74-850D-644EE3270A28}.Release|Any CPU.ActiveCfg = Release|Any CPU
		{D6E19D34-DAC1-4C74-850D-644EE3270A28}.Release|Any CPU.Build.0 = Release|Any CPU
		{B2C6A5F2-0479-4B1E-B0FE-322144701864}.Debug|Any CPU.ActiveCfg = Debug|Any CPU
		{B2C6A5F2-0479-4B1E-B0FE-322144701864}.Debug|Any CPU.Build.0 = Debug|Any CPU
		{B2C6A5F2-0479-4B1E-B0FE-322144701864}.Release|Any CPU.ActiveCfg = Release|Any CPU
		{B2C6A5F2-0479-4B1E-B0FE-322144701864}.Release|Any CPU.Build.0 = Release|Any CPU
		{2C260EBC-8256-464C-8917-75784A3F9099}.Debug|Any CPU.ActiveCfg = Debug|Any CPU
		{2C260EBC-8256-464C-8917-75784A3F9099}.Debug|Any CPU.Build.0 = Debug|Any CPU
		{2C260EBC-8256-464C-8917-75784A3F9099}.Release|Any CPU.ActiveCfg = Release|Any CPU
		{2C260EBC-8256-464C-8917-75784A3F9099}.Release|Any CPU.Build.0 = Release|Any CPU
	EndGlobalSection
	GlobalSection(SolutionProperties) = preSolution
		HideSolutionNode = FALSE
	EndGlobalSection
	GlobalSection(ExtensibilityGlobals) = postSolution
		SolutionGuid = {AFE525DB-3F0C-4097-A2C6-8A80CD99D9A0}
	EndGlobalSection
EndGlobal
